{
  "object": {
    "pins": [
      {
        "package": "SnapKit",
        "repositoryURL": "https://github.com/SnapKit/SnapKit.git",
        "state": {
          "branch": null,
          "revision": "d458564516e5676af9c70b4f4b2a9178294f1bc6",
          "version": "5.0.1"
        }
      },
      {
        "package": "UIExtensions",
        "repositoryURL": "https://github.com/horizontalsystems/UIExtensions.git",
        "state": {
          "branch": null,
          "revision": "58e8c832bd439fca32716b80b489ec7cea07740b",
          "version": "1.1.2"
        }
      }
    ]
  },
  "version": 1
}
